
Microsoft Visual Studio Solution File, Format Version 12.00
# Visual Studio 15
VisualStudioVersion = 15.0.28307.421
MinimumVisualStudioVersion = 10.0.40219.1
Project("{FAE04EC0-301F-11D3-BF4B-00C04F79EFBC}") = "CB_Choice", "CB_Choice\CB_Choice.csproj", "{F4CE2C8F-3E34-4A1A-823A-82EFA0E72E32}"
EndProject
Global
	GlobalSection(SolutionConfigurationPlatforms) = preSolution
		Debug|Any CPU = Debug|Any CPU
		Release|Any CPU = Release|Any CPU
	EndGlobalSection
	GlobalSection(ProjectConfigurationPlatforms) = postSolution
		{F4CE2C8F-3E34-4A1A-823A-82EFA0E72E32}.Debug|Any CPU.ActiveCfg = Debug|Any CPU
		{F4CE2C8F-3E34-4A1A-823A-82EFA0E72E32}.Debug|Any CPU.Build.0 = Debug|Any CPU
		{F4CE2C8F-3E34-4A1A-823A-82EFA0E72E32}.Release|Any CPU.ActiveCfg = Release|Any CPU
		{F4CE2C8F-3E34-4A1A-823A-82EFA0E72E32}.Release|Any CPU.Build.0 = Release|Any CPU
	EndGlobalSection
	GlobalSection(SolutionProperties) = preSolution
		HideSolutionNode = FALSE
	EndGlobalSection
	GlobalSection(ExtensibilityGlobals) = postSolution
		SolutionGuid = {9396C494-8462-4F38-9CEA-BD772DF538C5}
	EndGlobalSection
EndGlobal
